// !$*UTF8*$!
{
	archiveVersion = 1;
	classes = {
	};
	objectVersion = 56;
	objects = {

/* Begin PBXBuildFile section */
		CC64773229D295A1009B7183 /* AppDelegate.swift in Sources */ = {isa = PBXBuildFile; fileRef = CC64773129D295A1009B7183 /* AppDelegate.swift */; };
		CC64773429D295A1009B7183 /* SceneDelegate.swift in Sources */ = {isa = PBXBuildFile; fileRef = CC64773329D295A1009B7183 /* SceneDelegate.swift */; };
		CC64773629D295A1009B7183 /* ViewController.swift in Sources */ = {isa = PBXBuildFile; fileRef = CC64773529D295A1009B7183 /* ViewController.swift */; };
		CC64773929D295A1009B7183 /* Main.storyboard in Resources */ = {isa = PBXBuildFile; fileRef = CC64773729D295A1009B7183 /* Main.storyboard */; };
		CC64773B29D295A3009B7183 /* Assets.xcassets in Resources */ = {isa = PBXBuildFile; fileRef = CC64773A29D295A3009B7183 /* Assets.xcassets */; };
		CC64773E29D295A3009B7183 /* LaunchScreen.storyboard in Resources */ = {isa = PBXBuildFile; fileRef = CC64773C29D295A3009B7183 /* LaunchScreen.storyboard */; };
		CC64774629D5CD7B009B7183 /* Rectangle.swift in Sources */ = {isa = PBXBuildFile; fileRef = CC64774529D5CD7B009B7183 /* Rectangle.swift */; };
		CC64774829E50598009B7183 /* RectangleComponent.swift in Sources */ = {isa = PBXBuildFile; fileRef = CC64774729E50598009B7183 /* RectangleComponent.swift */; };
		CC64774A29E505CC009B7183 /* RectangleFactory.swift in Sources */ = {isa = PBXBuildFile; fileRef = CC64774929E505CC009B7183 /* RectangleFactory.swift */; };
		CC64774C29E505F0009B7183 /* RandomRectangleFactory.swift in Sources */ = {isa = PBXBuildFile; fileRef = CC64774B29E505F0009B7183 /* RandomRectangleFactory.swift */; };
		CC64774E29E5061E009B7183 /* IdRandomizer.swift in Sources */ = {isa = PBXBuildFile; fileRef = CC64774D29E5061E009B7183 /* IdRandomizer.swift */; };
		CC64775029E5063F009B7183 /* BackGroundColor.swift in Sources */ = {isa = PBXBuildFile; fileRef = CC64774F29E5063F009B7183 /* BackGroundColor.swift */; };
		CC64775229E5065F009B7183 /* Alpha.swift in Sources */ = {isa = PBXBuildFile; fileRef = CC64775129E5065F009B7183 /* Alpha.swift */; };
		CC64775429E5066E009B7183 /* Id.swift in Sources */ = {isa = PBXBuildFile; fileRef = CC64775329E5066E009B7183 /* Id.swift */; };
		CC64775829E506E6009B7183 /* RectangleSize.swift in Sources */ = {isa = PBXBuildFile; fileRef = CC64775729E506E6009B7183 /* RectangleSize.swift */; };
/* End PBXBuildFile section */

/* Begin PBXFileReference section */
		CC64772E29D295A1009B7183 /* DrawingApp.app */ = {isa = PBXFileReference; explicitFileType = wrapper.application; includeInIndex = 0; path = DrawingApp.app; sourceTree = BUILT_PRODUCTS_DIR; };
		CC64773129D295A1009B7183 /* AppDelegate.swift */ = {isa = PBXFileReference; lastKnownFileType = sourcecode.swift; path = AppDelegate.swift; sourceTree = "<group>"; };
		CC64773329D295A1009B7183 /* SceneDelegate.swift */ = {isa = PBXFileReference; lastKnownFileType = sourcecode.swift; path = SceneDelegate.swift; sourceTree = "<group>"; };
		CC64773529D295A1009B7183 /* ViewController.swift */ = {isa = PBXFileReference; lastKnownFileType = sourcecode.swift; path = ViewController.swift; sourceTree = "<group>"; };
		CC64773829D295A1009B7183 /* Base */ = {isa = PBXFileReference; lastKnownFileType = file.storyboard; name = Base; path = Base.lproj/Main.storyboard; sourceTree = "<group>"; };
		CC64773A29D295A3009B7183 /* Assets.xcassets */ = {isa = PBXFileReference; lastKnownFileType = folder.assetcatalog; path = Assets.xcassets; sourceTree = "<group>"; };
		CC64773D29D295A3009B7183 /* Base */ = {isa = PBXFileReference; lastKnownFileType = file.storyboard; name = Base; path = Base.lproj/LaunchScreen.storyboard; sourceTree = "<group>"; };
		CC64773F29D295A3009B7183 /* Info.plist */ = {isa = PBXFileReference; lastKnownFileType = text.plist.xml; path = Info.plist; sourceTree = "<group>"; };
		CC64774529D5CD7B009B7183 /* Rectangle.swift */ = {isa = PBXFileReference; lastKnownFileType = sourcecode.swift; path = Rectangle.swift; sourceTree = "<group>"; };
		CC64774729E50598009B7183 /* RectangleComponent.swift */ = {isa = PBXFileReference; lastKnownFileType = sourcecode.swift; path = RectangleComponent.swift; sourceTree = "<group>"; };
		CC64774929E505CC009B7183 /* RectangleFactory.swift */ = {isa = PBXFileReference; lastKnownFileType = sourcecode.swift; path = RectangleFactory.swift; sourceTree = "<group>"; };
		CC64774B29E505F0009B7183 /* RandomRectangleFactory.swift */ = {isa = PBXFileReference; lastKnownFileType = sourcecode.swift; path = RandomRectangleFactory.swift; sourceTree = "<group>"; };
		CC64774D29E5061E009B7183 /* IdRandomizer.swift */ = {isa = PBXFileReference; lastKnownFileType = sourcecode.swift; path = IdRandomizer.swift; sourceTree = "<group>"; };
		CC64774F29E5063F009B7183 /* BackGroundColor.swift */ = {isa = PBXFileReference; lastKnownFileType = sourcecode.swift; path = BackGroundColor.swift; sourceTree = "<group>"; };
		CC64775129E5065F009B7183 /* Alpha.swift */ = {isa = PBXFileReference; lastKnownFileType = sourcecode.swift; path = Alpha.swift; sourceTree = "<group>"; };
		CC64775329E5066E009B7183 /* Id.swift */ = {isa = PBXFileReference; lastKnownFileType = sourcecode.swift; path = Id.swift; sourceTree = "<group>"; };
		CC64775729E506E6009B7183 /* RectangleSize.swift */ = {isa = PBXFileReference; lastKnownFileType = sourcecode.swift; path = RectangleSize.swift; sourceTree = "<group>"; };
/* End PBXFileReference section */

/* Begin PBXFrameworksBuildPhase section */
		CC64772B29D295A1009B7183 /* Frameworks */ = {
			isa = PBXFrameworksBuildPhase;
			buildActionMask = 2147483647;
			files = (
			);
			runOnlyForDeploymentPostprocessing = 0;
		};
/* End PBXFrameworksBuildPhase section */

/* Begin PBXGroup section */
		CC64772529D295A0009B7183 = {
			isa = PBXGroup;
			children = (
				CC64773029D295A1009B7183 /* DrawingApp */,
				CC64772F29D295A1009B7183 /* Products */,
			);
			sourceTree = "<group>";
		};
		CC64772F29D295A1009B7183 /* Products */ = {
			isa = PBXGroup;
			children = (
				CC64772E29D295A1009B7183 /* DrawingApp.app */,
			);
			name = Products;
			sourceTree = "<group>";
		};
		CC64773029D295A1009B7183 /* DrawingApp */ = {
			isa = PBXGroup;
			children = (
				CC64773129D295A1009B7183 /* AppDelegate.swift */,
				CC64773329D295A1009B7183 /* SceneDelegate.swift */,
				CC64773529D295A1009B7183 /* ViewController.swift */,
				CC64774729E50598009B7183 /* RectangleComponent.swift */,
				CC64774529D5CD7B009B7183 /* Rectangle.swift */,
				CC64775729E506E6009B7183 /* RectangleSize.swift */,
				CC64774929E505CC009B7183 /* RectangleFactory.swift */,
				CC64774B29E505F0009B7183 /* RandomRectangleFactory.swift */,
				CC64774F29E5063F009B7183 /* BackGroundColor.swift */,
				CC64775129E5065F009B7183 /* Alpha.swift */,
				CC64775329E5066E009B7183 /* Id.swift */,
				CC64774D29E5061E009B7183 /* IdRandomizer.swift */,
				CC64773729D295A1009B7183 /* Main.storyboard */,
				CC64773A29D295A3009B7183 /* Assets.xcassets */,
				CC64773C29D295A3009B7183 /* LaunchScreen.storyboard */,
				CC64773F29D295A3009B7183 /* Info.plist */,
			);
			path = DrawingApp;
			sourceTree = "<group>";
		};
/* End PBXGroup section */

/* Begin PBXNativeTarget section */
		CC64772D29D295A1009B7183 /* DrawingApp */ = {
			isa = PBXNativeTarget;
			buildConfigurationList = CC64774229D295A3009B7183 /* Build configuration list for PBXNativeTarget "DrawingApp" */;
			buildPhases = (
				CC64772A29D295A1009B7183 /* Sources */,
				CC64772B29D295A1009B7183 /* Frameworks */,
				CC64772C29D295A1009B7183 /* Resources */,
			);
			buildRules = (
			);
			dependencies = (
			);
			name = DrawingApp;
			productName = DrawingApp;
			productReference = CC64772E29D295A1009B7183 /* DrawingApp.app */;
			productType = "com.apple.product-type.application";
		};
/* End PBXNativeTarget section */

/* Begin PBXProject section */
		CC64772629D295A0009B7183 /* Project object */ = {
			isa = PBXProject;
			attributes = {
				BuildIndependentTargetsInParallel = 1;
				LastSwiftUpdateCheck = 1420;
				LastUpgradeCheck = 1420;
				TargetAttributes = {
					CC64772D29D295A1009B7183 = {
						CreatedOnToolsVersion = 14.2;
					};
				};
			};
			buildConfigurationList = CC64772929D295A0009B7183 /* Build configuration list for PBXProject "DrawingApp" */;
			compatibilityVersion = "Xcode 14.0";
			developmentRegion = en;
			hasScannedForEncodings = 0;
			knownRegions = (
				en,
				Base,
			);
			mainGroup = CC64772529D295A0009B7183;
			productRefGroup = CC64772F29D295A1009B7183 /* Products */;
			projectDirPath = "";
			projectRoot = "";
			targets = (
				CC64772D29D295A1009B7183 /* DrawingApp */,
			);
		};
/* End PBXProject section */

/* Begin PBXResourcesBuildPhase section */
		CC64772C29D295A1009B7183 /* Resources */ = {
			isa = PBXResourcesBuildPhase;
			buildActionMask = 2147483647;
			files = (
				CC64773E29D295A3009B7183 /* LaunchScreen.storyboard in Resources */,
				CC64773B29D295A3009B7183 /* Assets.xcassets in Resources */,
				CC64773929D295A1009B7183 /* Main.storyboard in Resources */,
			);
			runOnlyForDeploymentPostprocessing = 0;
		};
/* End PBXResourcesBuildPhase section */

/* Begin PBXSourcesBuildPhase section */
		CC64772A29D295A1009B7183 /* Sources */ = {
			isa = PBXSourcesBuildPhase;
			buildActionMask = 2147483647;
			files = (
				CC64775029E5063F009B7183 /* BackGroundColor.swift in Sources */,
				CC64773629D295A1009B7183 /* ViewController.swift in Sources */,
				CC64775829E506E6009B7183 /* RectangleSize.swift in Sources */,
				CC64774829E50598009B7183 /* RectangleComponent.swift in Sources */,
				CC64774A29E505CC009B7183 /* RectangleFactory.swift in Sources */,
				CC64773229D295A1009B7183 /* AppDelegate.swift in Sources */,
				CC64773429D295A1009B7183 /* SceneDelegate.swift in Sources */,
				CC64775229E5065F009B7183 /* Alpha.swift in Sources */,
				CC64774E29E5061E009B7183 /* IdRandomizer.swift in Sources */,
				CC64774629D5CD7B009B7183 /* Rectangle.swift in Sources */,
				CC64774C29E505F0009B7183 /* RandomRectangleFactory.swift in Sources */,
				CC64775429E5066E009B7183 /* Id.swift in Sources */,
			);
			runOnlyForDeploymentPostprocessing = 0;
		};
/* End PBXSourcesBuildPhase section */

/* Begin PBXVariantGroup section */
		CC64773729D295A1009B7183 /* Main.storyboard */ = {
			isa = PBXVariantGroup;
			children = (
				CC64773829D295A1009B7183 /* Base */,
			);
			name = Main.storyboard;
			sourceTree = "<group>";
		};
		CC64773C29D295A3009B7183 /* LaunchScreen.storyboard */ = {
			isa = PBXVariantGroup;
			children = (
				CC64773D29D295A3009B7183 /* Base */,
			);
			name = LaunchScreen.storyboard;
			sourceTree = "<group>";
		};
/* End PBXVariantGroup section */

/* Begin XCBuildConfiguration section */
		CC64774029D295A3009B7183 /* Debug */ = {
			isa = XCBuildConfiguration;
			buildSettings = {
				ALWAYS_SEARCH_USER_PATHS = NO;
				CLANG_ANALYZER_NONNULL = YES;
				CLANG_ANALYZER_NUMBER_OBJECT_CONVERSION = YES_AGGRESSIVE;
				CLANG_CXX_LANGUAGE_STANDARD = "gnu++20";
				CLANG_ENABLE_MODULES = YES;
				CLANG_ENABLE_OBJC_ARC = YES;
				CLANG_ENABLE_OBJC_WEAK = YES;
				CLANG_WARN_BLOCK_CAPTURE_AUTORELEASING = YES;
				CLANG_WARN_BOOL_CONVERSION = YES;
				CLANG_WARN_COMMA = YES;
				CLANG_WARN_CONSTANT_CONVERSION = YES;
				CLANG_WARN_DEPRECATED_OBJC_IMPLEMENTATIONS = YES;
				CLANG_WARN_DIRECT_OBJC_ISA_USAGE = YES_ERROR;
				CLANG_WARN_DOCUMENTATION_COMMENTS = YES;
				CLANG_WARN_EMPTY_BODY = YES;
				CLANG_WARN_ENUM_CONVERSION = YES;
				CLANG_WARN_INFINITE_RECURSION = YES;
				CLANG_WARN_INT_CONVERSION = YES;
				CLANG_WARN_NON_LITERAL_NULL_CONVERSION = YES;
				CLANG_WARN_OBJC_IMPLICIT_RETAIN_SELF = YES;
				CLANG_WARN_OBJC_LITERAL_CONVERSION = YES;
				CLANG_WARN_OBJC_ROOT_CLASS = YES_ERROR;
				CLANG_WARN_QUOTED_INCLUDE_IN_FRAMEWORK_HEADER = YES;
				CLANG_WARN_RANGE_LOOP_ANALYSIS = YES;
				CLANG_WARN_STRICT_PROTOTYPES = YES;
				CLANG_WARN_SUSPICIOUS_MOVE = YES;
				CLANG_WARN_UNGUARDED_AVAILABILITY = YES_AGGRESSIVE;
				CLANG_WARN_UNREACHABLE_CODE = YES;
				CLANG_WARN__DUPLICATE_METHOD_MATCH = YES;
				COPY_PHASE_STRIP = NO;
				DEBUG_INFORMATION_FORMAT = dwarf;
				ENABLE_STRICT_OBJC_MSGSEND = YES;
				ENABLE_TESTABILITY = YES;
				GCC_C_LANGUAGE_STANDARD = gnu11;
				GCC_DYNAMIC_NO_PIC = NO;
				GCC_NO_COMMON_BLOCKS = YES;
				GCC_OPTIMIZATION_LEVEL = 0;
				GCC_PREPROCESSOR_DEFINITIONS = (
					"DEBUG=1",
					"$(inherited)",
				);
				GCC_WARN_64_TO_32_BIT_CONVERSION = YES;
				GCC_WARN_ABOUT_RETURN_TYPE = YES_ERROR;
				GCC_WARN_UNDECLARED_SELECTOR = YES;
				GCC_WARN_UNINITIALIZED_AUTOS = YES_AGGRESSIVE;
				GCC_WARN_UNUSED_FUNCTION = YES;
				GCC_WARN_UNUSED_VARIABLE = YES;
				IPHONEOS_DEPLOYMENT_TARGET = 16.2;
				MTL_ENABLE_DEBUG_INFO = INCLUDE_SOURCE;
				MTL_FAST_MATH = YES;
				ONLY_ACTIVE_ARCH = YES;
				SDKROOT = iphoneos;
				SWIFT_ACTIVE_COMPILATION_CONDITIONS = DEBUG;
				SWIFT_OPTIMIZATION_LEVEL = "-Onone";
			};
			name = Debug;
		};
		CC64774129D295A3009B7183 /* Release */ = {
			isa = XCBuildConfiguration;
			buildSettings = {
				ALWAYS_SEARCH_USER_PATHS = NO;
				CLANG_ANALYZER_NONNULL = YES;
				CLANG_ANALYZER_NUMBER_OBJECT_CONVERSION = YES_AGGRESSIVE;
				CLANG_CXX_LANGUAGE_STANDARD = "gnu++20";
				CLANG_ENABLE_MODULES = YES;
				CLANG_ENABLE_OBJC_ARC = YES;
				CLANG_ENABLE_OBJC_WEAK = YES;
				CLANG_WARN_BLOCK_CAPTURE_AUTORELEASING = YES;
				CLANG_WARN_BOOL_CONVERSION = YES;
				CLANG_WARN_COMMA = YES;
				CLANG_WARN_CONSTANT_CONVERSION = YES;
				CLANG_WARN_DEPRECATED_OBJC_IMPLEMENTATIONS = YES;
				CLANG_WARN_DIRECT_OBJC_ISA_USAGE = YES_ERROR;
				CLANG_WARN_DOCUMENTATION_COMMENTS = YES;
				CLANG_WARN_EMPTY_BODY = YES;
				CLANG_WARN_ENUM_CONVERSION = YES;
				CLANG_WARN_INFINITE_RECURSION = YES;
				CLANG_WARN_INT_CONVERSION = YES;
				CLANG_WARN_NON_LITERAL_NULL_CONVERSION = YES;
				CLANG_WARN_OBJC_IMPLICIT_RETAIN_SELF = YES;
				CLANG_WARN_OBJC_LITERAL_CONVERSION = YES;
				CLANG_WARN_OBJC_ROOT_CLASS = YES_ERROR;
				CLANG_WARN_QUOTED_INCLUDE_IN_FRAMEWORK_HEADER = YES;
				CLANG_WARN_RANGE_LOOP_ANALYSIS = YES;
				CLANG_WARN_STRICT_PROTOTYPES = YES;
				CLANG_WARN_SUSPICIOUS_MOVE = YES;
				CLANG_WARN_UNGUARDED_AVAILABILITY = YES_AGGRESSIVE;
				CLANG_WARN_UNREACHABLE_CODE = YES;
				CLANG_WARN__DUPLICATE_METHOD_MATCH = YES;
				COPY_PHASE_STRIP = NO;
				DEBUG_INFORMATION_FORMAT = "dwarf-with-dsym";
				ENABLE_NS_ASSERTIONS = NO;
				ENABLE_STRICT_OBJC_MSGSEND = YES;
				GCC_C_LANGUAGE_STANDARD = gnu11;
				GCC_NO_COMMON_BLOCKS = YES;
				GCC_WARN_64_TO_32_BIT_CONVERSION = YES;
				GCC_WARN_ABOUT_RETURN_TYPE = YES_ERROR;
				GCC_WARN_UNDECLARED_SELECTOR = YES;
				GCC_WARN_UNINITIALIZED_AUTOS = YES_AGGRESSIVE;
				GCC_WARN_UNUSED_FUNCTION = YES;
				GCC_WARN_UNUSED_VARIABLE = YES;
				IPHONEOS_DEPLOYMENT_TARGET = 16.2;
				MTL_ENABLE_DEBUG_INFO = NO;
				MTL_FAST_MATH = YES;
				SDKROOT = iphoneos;
				SWIFT_COMPILATION_MODE = wholemodule;
				SWIFT_OPTIMIZATION_LEVEL = "-O";
				VALIDATE_PRODUCT = YES;
			};
			name = Release;
		};
		CC64774329D295A3009B7183 /* Debug */ = {
			isa = XCBuildConfiguration;
			buildSettings = {
				ASSETCATALOG_COMPILER_APPICON_NAME = AppIcon;
				ASSETCATALOG_COMPILER_GLOBAL_ACCENT_COLOR_NAME = AccentColor;
				CODE_SIGN_STYLE = Automatic;
				CURRENT_PROJECT_VERSION = 1;
				GENERATE_INFOPLIST_FILE = YES;
				INFOPLIST_FILE = DrawingApp/Info.plist;
				INFOPLIST_KEY_UIApplicationSupportsIndirectInputEvents = YES;
				INFOPLIST_KEY_UILaunchStoryboardName = LaunchScreen;
				INFOPLIST_KEY_UIMainStoryboardFile = Main;
				INFOPLIST_KEY_UISupportedInterfaceOrientations = "UIInterfaceOrientationLandscapeLeft UIInterfaceOrientationLandscapeRight UIInterfaceOrientationPortrait";
				INFOPLIST_KEY_UISupportedInterfaceOrientations_iPad = "UIInterfaceOrientationLandscapeLeft UIInterfaceOrientationLandscapeRight";
				LD_RUNPATH_SEARCH_PATHS = (
					"$(inherited)",
					"@executable_path/Frameworks",
				);
				MARKETING_VERSION = 1.0;
				PRODUCT_BUNDLE_IDENTIFIER = rim.DrawingApp;
				PRODUCT_NAME = "$(TARGET_NAME)";
				SUPPORTED_PLATFORMS = "iphoneos iphonesimulator";
				SUPPORTS_MACCATALYST = NO;
				SUPPORTS_MAC_DESIGNED_FOR_IPHONE_IPAD = NO;
				SWIFT_EMIT_LOC_STRINGS = YES;
				SWIFT_VERSION = 5.0;
				TARGETED_DEVICE_FAMILY = 2;
			};
			name = Debug;
		};
		CC64774429D295A3009B7183 /* Release */ = {
			isa = XCBuildConfiguration;
			buildSettings = {
				ASSETCATALOG_COMPILER_APPICON_NAME = AppIcon;
				ASSETCATALOG_COMPILER_GLOBAL_ACCENT_COLOR_NAME = AccentColor;
				CODE_SIGN_STYLE = Automatic;
				CURRENT_PROJECT_VERSION = 1;
				GENERATE_INFOPLIST_FILE = YES;
				INFOPLIST_FILE = DrawingApp/Info.plist;
				INFOPLIST_KEY_UIApplicationSupportsIndirectInputEvents = YES;
				INFOPLIST_KEY_UILaunchStoryboardName = LaunchScreen;
				INFOPLIST_KEY_UIMainStoryboardFile = Main;
				INFOPLIST_KEY_UISupportedInterfaceOrientations = "UIInterfaceOrientationLandscapeLeft UIInterfaceOrientationLandscapeRight UIInterfaceOrientationPortrait";
				INFOPLIST_KEY_UISupportedInterfaceOrientations_iPad = "UIInterfaceOrientationLandscapeLeft UIInterfaceOrientationLandscapeRight";
				LD_RUNPATH_SEARCH_PATHS = (
					"$(inherited)",
					"@executable_path/Frameworks",
				);
				MARKETING_VERSION = 1.0;
				PRODUCT_BUNDLE_IDENTIFIER = rim.DrawingApp;
				PRODUCT_NAME = "$(TARGET_NAME)";
				SUPPORTED_PLATFORMS = "iphoneos iphonesimulator";
				SUPPORTS_MACCATALYST = NO;
				SUPPORTS_MAC_DESIGNED_FOR_IPHONE_IPAD = NO;
				SWIFT_EMIT_LOC_STRINGS = YES;
				SWIFT_VERSION = 5.0;
				TARGETED_DEVICE_FAMILY = 2;
			};
			name = Release;
		};
/* End XCBuildConfiguration section */

/* Begin XCConfigurationList section */
		CC64772929D295A0009B7183 /* Build configuration list for PBXProject "DrawingApp" */ = {
			isa = XCConfigurationList;
			buildConfigurations = (
				CC64774029D295A3009B7183 /* Debug */,
				CC64774129D295A3009B7183 /* Release */,
			);
			defaultConfigurationIsVisible = 0;
			defaultConfigurationName = Release;
		};
		CC64774229D295A3009B7183 /* Build configuration list for PBXNativeTarget "DrawingApp" */ = {
			isa = XCConfigurationList;
			buildConfigurations = (
				CC64774329D295A3009B7183 /* Debug */,
				CC64774429D295A3009B7183 /* Release */,
			);
			defaultConfigurationIsVisible = 0;
			defaultConfigurationName = Release;
		};
/* End XCConfigurationList section */
	};
	rootObject = CC64772629D295A0009B7183 /* Project object */;
}
